
Microsoft Visual Studio Solution File, Format Version 12.00
# Visual Studio Version 16
VisualStudioVersion = 16.0.31205.134
MinimumVisualStudioVersion = 10.0.40219.1
Project("{FAE04EC0-301F-11D3-BF4B-00C04F79EFBC}") = "RhythmosEngine", "RhythmosEngine\RhythmosEngine.csproj", "{2CCADC75-0DF6-45F8-9367-BC7721B4391A}"
EndProject
Project("{FAE04EC0-301F-11D3-BF4B-00C04F79EFBC}") = "RhythmosEditor", "RhythmosEditor\RhythmosEditor.csproj", "{1E7E9647-4012-429D-8E95-B04E9470F33D}"
EndProject
Global
	GlobalSection(SolutionConfigurationPlatforms) = preSolution
		Debug|Any CPU = Debug|Any CPU
		Release|Any CPU = Release|Any CPU
	EndGlobalSection
	GlobalSection(ProjectConfigurationPlatforms) = postSolution
		{2CCADC75-0DF6-45F8-9367-BC7721B4391A}.Debug|Any CPU.ActiveCfg = Debug|Any CPU
		{2CCADC75-0DF6-45F8-9367-BC7721B4391A}.Debug|Any CPU.Build.0 = Debug|Any CPU
		{2CCADC75-0DF6-45F8-9367-BC7721B4391A}.Release|Any CPU.ActiveCfg = Release|Any CPU
		{2CCADC75-0DF6-45F8-9367-BC7721B4391A}.Release|Any CPU.Build.0 = Release|Any CPU
		{1E7E9647-4012-429D-8E95-B04E9470F33D}.Debug|Any CPU.ActiveCfg = Debug|Any CPU
		{1E7E9647-4012-429D-8E95-B04E9470F33D}.Debug|Any CPU.Build.0 = Debug|Any CPU
		{1E7E9647-4012-429D-8E95-B04E9470F33D}.Release|Any CPU.ActiveCfg = Release|Any CPU
		{1E7E9647-4012-429D-8E95-B04E9470F33D}.Release|Any CPU.Build.0 = Release|Any CPU
	EndGlobalSection
	GlobalSection(SolutionProperties) = preSolution
		HideSolutionNode = FALSE
	EndGlobalSection
	GlobalSection(ExtensibilityGlobals) = postSolution
		SolutionGuid = {064DFA4C-0413-45A0-8C4D-32F1B0468E04}
	EndGlobalSection
EndGlobal
